
Microsoft Visual Studio Solution File, Format Version 12.00
# Visual Studio Version 17
VisualStudioVersion = 17.10.34916.146
MinimumVisualStudioVersion = 10.0.40219.1
Project("{FAE04EC0-301F-11D3-BF4B-00C04F79EFBC}") = "Project__1", "Project__1\Project__1.csproj", "{8CAD74DC-0634-4A85-8EEC-386AEC47BD4D}"
EndProject
Global
	GlobalSection(SolutionConfigurationPlatforms) = preSolution
		Debug|Any CPU = Debug|Any CPU
		Release|Any CPU = Release|Any CPU
	EndGlobalSection
	GlobalSection(ProjectConfigurationPlatforms) = postSolution
		{8CAD74DC-0634-4A85-8EEC-386AEC47BD4D}.Debug|Any CPU.ActiveCfg = Debug|Any CPU
		{8CAD74DC-0634-4A85-8EEC-386AEC47BD4D}.Debug|Any CPU.Build.0 = Debug|Any CPU
		{8CAD74DC-0634-4A85-8EEC-386AEC47BD4D}.Release|Any CPU.ActiveCfg = Release|Any CPU
		{8CAD74DC-0634-4A85-8EEC-386AEC47BD4D}.Release|Any CPU.Build.0 = Release|Any CPU
	EndGlobalSection
	GlobalSection(SolutionProperties) = preSolution
		HideSolutionNode = FALSE
	EndGlobalSection
	GlobalSection(ExtensibilityGlobals) = postSolution
		SolutionGuid = {B3190EB4-27D3-4721-B9FD-2CF9CC6464F4}
	EndGlobalSection
EndGlobal
